
Microsoft Visual Studio Solution File, Format Version 12.00
# Visual Studio Version 16
VisualStudioVersion = 16.0.30717.126
MinimumVisualStudioVersion = 10.0.40219.1
Project("{FAE04EC0-301F-11D3-BF4B-00C04F79EFBC}") = "ESAPIX_StarterUI1_CC", "ESAPIX_StarterUI1_CC\ESAPIX_StarterUI1_CC.csproj", "{EE59E343-0E04-48B2-80DE-9744588B3E1D}"
EndProject
Project("{FAE04EC0-301F-11D3-BF4B-00C04F79EFBC}") = "ESAPIX_StarterUI1_CCTests", "ESAPIX_StarterUI1_CCTests\ESAPIX_StarterUI1_CCTests.csproj", "{AE0A8F97-E89F-4071-9E61-D4DB76A06FAF}"
EndProject
Global
	GlobalSection(SolutionConfigurationPlatforms) = preSolution
		Debug|Any CPU = Debug|Any CPU
		Debug|x64 = Debug|x64
		Release|Any CPU = Release|Any CPU
		Release|x64 = Release|x64
	EndGlobalSection
	GlobalSection(ProjectConfigurationPlatforms) = postSolution
		{EE59E343-0E04-48B2-80DE-9744588B3E1D}.Debug|Any CPU.ActiveCfg = Debug|x64
		{EE59E343-0E04-48B2-80DE-9744588B3E1D}.Debug|x64.ActiveCfg = Debug|x64
		{EE59E343-0E04-48B2-80DE-9744588B3E1D}.Debug|x64.Build.0 = Debug|x64
		{EE59E343-0E04-48B2-80DE-9744588B3E1D}.Release|Any CPU.ActiveCfg = Release|x64
		{EE59E343-0E04-48B2-80DE-9744588B3E1D}.Release|x64.ActiveCfg = Release|x64
		{EE59E343-0E04-48B2-80DE-9744588B3E1D}.Release|x64.Build.0 = Release|x64
		{AE0A8F97-E89F-4071-9E61-D4DB76A06FAF}.Debug|Any CPU.ActiveCfg = Debug|Any CPU
		{AE0A8F97-E89F-4071-9E61-D4DB76A06FAF}.Debug|Any CPU.Build.0 = Debug|Any CPU
		{AE0A8F97-E89F-4071-9E61-D4DB76A06FAF}.Debug|x64.ActiveCfg = Debug|x64
		{AE0A8F97-E89F-4071-9E61-D4DB76A06FAF}.Debug|x64.Build.0 = Debug|x64
		{AE0A8F97-E89F-4071-9E61-D4DB76A06FAF}.Release|Any CPU.ActiveCfg = Release|Any CPU
		{AE0A8F97-E89F-4071-9E61-D4DB76A06FAF}.Release|Any CPU.Build.0 = Release|Any CPU
		{AE0A8F97-E89F-4071-9E61-D4DB76A06FAF}.Release|x64.ActiveCfg = Release|Any CPU
		{AE0A8F97-E89F-4071-9E61-D4DB76A06FAF}.Release|x64.Build.0 = Release|Any CPU
	EndGlobalSection
	GlobalSection(SolutionProperties) = preSolution
		HideSolutionNode = FALSE
	EndGlobalSection
	GlobalSection(ExtensibilityGlobals) = postSolution
		SolutionGuid = {BAF42619-CDA5-4DBB-BB54-F4C32B16919B}
	EndGlobalSection
EndGlobal
